
Microsoft Visual Studio Solution File, Format Version 12.00
# Visual Studio Version 17
VisualStudioVersion = 17.10.35004.147
MinimumVisualStudioVersion = 10.0.40219.1
Project("{FAE04EC0-301F-11D3-BF4B-00C04F79EFBC}") = "Gestion_Academica.Test", "Gestion_Academica.Test\Gestion_Academica.Test.csproj", "{BBE93862-B2CB-4DA0-B085-4B57343EEBCC}"
EndProject
Project("{FAE04EC0-301F-11D3-BF4B-00C04F79EFBC}") = "Gestion_Academica.Data", "Gestion_Academica.Data\Gestion_Academica.Data.csproj", "{4EC7AC41-DC4A-4D58-A9BC-3D0119DEB975}"
EndProject
Project("{FAE04EC0-301F-11D3-BF4B-00C04F79EFBC}") = "Gestion_Academica.Web", "Gestion_Academica.Web\Gestion_Academica.Web.csproj", "{66072D7A-2CCB-4606-9B9D-3F9725D1293C}"
EndProject
Global
	GlobalSection(SolutionConfigurationPlatforms) = preSolution
		Debug|Any CPU = Debug|Any CPU
		Release|Any CPU = Release|Any CPU
	EndGlobalSection
	GlobalSection(ProjectConfigurationPlatforms) = postSolution
		{BBE93862-B2CB-4DA0-B085-4B57343EEBCC}.Debug|Any CPU.ActiveCfg = Debug|Any CPU
		{BBE93862-B2CB-4DA0-B085-4B57343EEBCC}.Debug|Any CPU.Build.0 = Debug|Any CPU
		{BBE93862-B2CB-4DA0-B085-4B57343EEBCC}.Release|Any CPU.ActiveCfg = Release|Any CPU
		{BBE93862-B2CB-4DA0-B085-4B57343EEBCC}.Release|Any CPU.Build.0 = Release|Any CPU
		{4EC7AC41-DC4A-4D58-A9BC-3D0119DEB975}.Debug|Any CPU.ActiveCfg = Debug|Any CPU
		{4EC7AC41-DC4A-4D58-A9BC-3D0119DEB975}.Debug|Any CPU.Build.0 = Debug|Any CPU
		{4EC7AC41-DC4A-4D58-A9BC-3D0119DEB975}.Release|Any CPU.ActiveCfg = Release|Any CPU
		{4EC7AC41-DC4A-4D58-A9BC-3D0119DEB975}.Release|Any CPU.Build.0 = Release|Any CPU
		{66072D7A-2CCB-4606-9B9D-3F9725D1293C}.Debug|Any CPU.ActiveCfg = Debug|Any CPU
		{66072D7A-2CCB-4606-9B9D-3F9725D1293C}.Debug|Any CPU.Build.0 = Debug|Any CPU
		{66072D7A-2CCB-4606-9B9D-3F9725D1293C}.Release|Any CPU.ActiveCfg = Release|Any CPU
		{66072D7A-2CCB-4606-9B9D-3F9725D1293C}.Release|Any CPU.Build.0 = Release|Any CPU
	EndGlobalSection
	GlobalSection(SolutionProperties) = preSolution
		HideSolutionNode = FALSE
	EndGlobalSection
	GlobalSection(ExtensibilityGlobals) = postSolution
		SolutionGuid = {B89070EB-BB6F-4655-A466-84D9990AFE65}
	EndGlobalSection
EndGlobal
